{
  "version": 4,
  "terraform_version": "1.12.2",
  "serial": 32,
  "lineage": "b13a745d-9b88-2d23-4374-7fef2f76eabc",
  "outputs": {},
  "resources": [
    {
      "mode": "data",
      "type": "google_secret_manager_secret_version",
      "name": "db_password_secret_version",
      "provider": "provider[\"registry.terraform.io/hashicorp/google\"]",
      "instances": [
        {
          "schema_version": 0,
          "attributes": {
            "create_time": "2025-07-24T13:35:57.660304Z",
            "destroy_time": null,
            "enabled": true,
            "fetch_secret_data": true,
            "id": "projects/53494160780/secrets/vladan-tourist-agency-db-password/versions/3",
            "is_secret_data_base64": false,
            "name": "projects/53494160780/secrets/vladan-tourist-agency-db-password/versions/3",
            "project": "sara-sandbox-interns",
            "secret": "vladan-tourist-agency-db-password",
            "secret_data": "TestPass100!",
            "version": "3"
          },
          "sensitive_attributes": [
            [
              {
                "type": "get_attr",
                "value": "secret_data"
              }
            ]
          ],
          "identity_schema_version": 0
        }
      ]
    },
    {
      "mode": "managed",
      "type": "google_artifact_registry_repository",
      "name": "vladan_backend_repo",
      "provider": "provider[\"registry.terraform.io/hashicorp/google\"]",
      "instances": [
        {
          "schema_version": 0,
          "attributes": {
            "cleanup_policies": [],
            "cleanup_policy_dry_run": false,
            "create_time": "2025-07-24T10:25:03.422992Z",
            "description": "Repository for backend container images",
            "docker_config": [],
            "effective_labels": {},
            "format": "DOCKER",
            "id": "projects/sara-sandbox-interns/locations/europe-west3/repositories/vladan-backend-repo",
            "kms_key_name": "",
            "labels": {},
            "location": "europe-west3",
            "maven_config": [],
            "mode": "STANDARD_REPOSITORY",
            "name": "vladan-backend-repo",
            "project": "sara-sandbox-interns",
            "remote_repository_config": [],
            "repository_id": "vladan-backend-repo",
            "terraform_labels": {},
            "timeouts": null,
            "update_time": "2025-07-30T13:25:57.333313Z",
            "virtual_repository_config": [],
            "vulnerability_scanning_config": [
              {
                "enablement_config": "",
                "enablement_state": "SCANNING_DISABLED",
                "enablement_state_reason": "API containerscanning.googleapis.com is not enabled."
              }
            ]
          },
          "sensitive_attributes": [],
          "identity_schema_version": 0,
          "private": "eyJlMmJmYjczMC1lY2FhLTExZTYtOGY4OC0zNDM2M2JjN2M0YzAiOnsiY3JlYXRlIjoxMjAwMDAwMDAwMDAwLCJkZWxldGUiOjEyMDAwMDAwMDAwMDAsInVwZGF0ZSI6MTIwMDAwMDAwMDAwMH19",
          "dependencies": [
            "google_project_service.artifactregistry"
          ]
        }
      ]
    },
    {
      "mode": "managed",
      "type": "google_cloud_run_v2_service",
      "name": "backend_service",
      "provider": "provider[\"registry.terraform.io/hashicorp/google\"]",
      "instances": [
        {
          "schema_version": 0,
          "attributes": {
            "annotations": {},
            "binary_authorization": [],
            "build_config": [],
            "client": "",
            "client_version": "",
            "conditions": [
              {
                "execution_reason": "",
                "last_transition_time": "2025-07-30T13:28:39.100403Z",
                "message": "",
                "reason": "",
                "revision_reason": "",
                "severity": "",
                "state": "CONDITION_SUCCEEDED",
                "type": "RoutesReady"
              },
              {
                "execution_reason": "",
                "last_transition_time": "2025-07-30T13:28:37.876795Z",
                "message": "",
                "reason": "",
                "revision_reason": "",
                "severity": "",
                "state": "CONDITION_SUCCEEDED",
                "type": "ConfigurationsReady"
              }
            ],
            "create_time": "2025-07-24T12:51:01.318696Z",
            "creator": "vladan.markisic@devoteam.com",
            "custom_audiences": [],
            "delete_time": "",
            "deletion_protection": true,
            "description": "",
            "effective_annotations": {},
            "effective_labels": {},
            "etag": "\"CO67qMQGEPCIx6kD/cHJvamVjdHMvc2FyYS1zYW5kYm94LWludGVybnMvbG9jYXRpb25zL2V1cm9wZS13ZXN0My9zZXJ2aWNlcy92bGFkYW4tdG91cmlzdC1hZ2VuY3ktYmFja2VuZA\"",
            "expire_time": "",
            "generation": "17",
            "id": "projects/sara-sandbox-interns/locations/europe-west3/services/vladan-tourist-agency-backend",
            "ingress": "INGRESS_TRAFFIC_ALL",
            "invoker_iam_disabled": false,
            "labels": {},
            "last_modifier": "vladan.markisic@devoteam.com",
            "latest_created_revision": "projects/sara-sandbox-interns/locations/europe-west3/services/vladan-tourist-agency-backend/revisions/vladan-tourist-agency-backend-00016-9pr",
            "latest_ready_revision": "projects/sara-sandbox-interns/locations/europe-west3/services/vladan-tourist-agency-backend/revisions/vladan-tourist-agency-backend-00016-9pr",
            "launch_stage": "GA",
            "location": "europe-west3",
            "name": "vladan-tourist-agency-backend",
            "observed_generation": "17",
            "project": "sara-sandbox-interns",
            "reconciling": false,
            "scaling": [],
            "template": [
              {
                "annotations": {},
                "containers": [
                  {
                    "args": [],
                    "base_image_uri": "",
                    "build_info": [],
                    "command": [],
                    "depends_on": [],
                    "env": [
                      {
                        "name": "DB_PASS",
                        "value": "",
                        "value_source": [
                          {
                            "secret_key_ref": [
                              {
                                "secret": "vladan-tourist-agency-db-password",
                                "version": "latest"
                              }
                            ]
                          }
                        ]
                      },
                      {
                        "name": "SPRING_PROFILES_ACTIVE",
                        "value": "gcp",
                        "value_source": []
                      }
                    ],
                    "image": "europe-west3-docker.pkg.dev/sara-sandbox-interns/vladan-backend-repo/vladan-tourist-agency-backend@sha256:786a8b98a2d7e7af46ba8615cf6729be3d6cc98d0ce5b40da30cd242e84bf5d8",
                    "liveness_probe": [],
                    "name": "",
                    "ports": [
                      {
                        "container_port": 8080,
                        "name": "http1"
                      }
                    ],
                    "resources": [
                      {
                        "cpu_idle": true,
                        "limits": {
                          "cpu": "1000m",
                          "memory": "512Mi"
                        },
                        "startup_cpu_boost": true
                      }
                    ],
                    "startup_probe": [
                      {
                        "failure_threshold": 1,
                        "grpc": [],
                        "http_get": [],
                        "initial_delay_seconds": 0,
                        "period_seconds": 240,
                        "tcp_socket": [
                          {
                            "port": 8080
                          }
                        ],
                        "timeout_seconds": 240
                      }
                    ],
                    "volume_mounts": [
                      {
                        "mount_path": "/cloudsql",
                        "name": "cloudsql"
                      }
                    ],
                    "working_dir": ""
                  }
                ],
                "encryption_key": "",
                "execution_environment": "",
                "gpu_zonal_redundancy_disabled": false,
                "labels": {},
                "max_instance_request_concurrency": 80,
                "node_selector": [],
                "revision": "",
                "scaling": [
                  {
                    "max_instance_count": 100,
                    "min_instance_count": 0
                  }
                ],
                "service_account": "53494160780-compute@developer.gserviceaccount.com",
                "session_affinity": false,
                "timeout": "300s",
                "volumes": [
                  {
                    "cloud_sql_instance": [
                      {
                        "instances": [
                          "sara-sandbox-interns:europe-west3:vladan-database"
                        ]
                      }
                    ],
                    "empty_dir": [],
                    "gcs": [],
                    "name": "cloudsql",
                    "nfs": [],
                    "secret": []
                  }
                ],
                "vpc_access": []
              }
            ],
            "terminal_condition": [
              {
                "execution_reason": "",
                "last_transition_time": "2025-07-30T13:28:39.135657Z",
                "message": "",
                "reason": "",
                "revision_reason": "",
                "severity": "",
                "state": "CONDITION_SUCCEEDED",
                "type": "Ready"
              }
            ],
            "terraform_labels": {},
            "timeouts": null,
            "traffic": [
              {
                "percent": 100,
                "revision": "",
                "tag": "",
                "type": "TRAFFIC_TARGET_ALLOCATION_TYPE_LATEST"
              }
            ],
            "traffic_statuses": [
              {
                "percent": 100,
                "revision": "",
                "tag": "",
                "type": "TRAFFIC_TARGET_ALLOCATION_TYPE_LATEST",
                "uri": ""
              }
            ],
            "uid": "892f01db-7be6-4e59-9104-59aaaa266605",
            "update_time": "2025-07-30T13:28:14.892454Z",
            "uri": "https://vladan-tourist-agency-backend-lumvrlx7ea-ey.a.run.app",
            "urls": [
              "https://vladan-tourist-agency-backend-53494160780.europe-west3.run.app",
              "https://vladan-tourist-agency-backend-lumvrlx7ea-ey.a.run.app"
            ]
          },
          "sensitive_attributes": [],
          "identity_schema_version": 0,
          "private": "eyJlMmJmYjczMC1lY2FhLTExZTYtOGY4OC0zNDM2M2JjN2M0YzAiOnsiY3JlYXRlIjoxMjAwMDAwMDAwMDAwLCJkZWxldGUiOjEyMDAwMDAwMDAwMDAsInVwZGF0ZSI6MTIwMDAwMDAwMDAwMH19",
          "dependencies": [
            "data.google_secret_manager_secret_version.db_password_secret_version",
            "google_project_service.sqladmin",
            "google_sql_database_instance.sql_instance"
          ]
        }
      ]
    },
    {
      "mode": "managed",
      "type": "google_project_service",
      "name": "artifactregistry",
      "provider": "provider[\"registry.terraform.io/hashicorp/google\"]",
      "instances": [
        {
          "schema_version": 0,
          "attributes": {
            "disable_dependent_services": null,
            "disable_on_destroy": false,
            "id": "sara-sandbox-interns/artifactregistry.googleapis.com",
            "project": "sara-sandbox-interns",
            "service": "artifactregistry.googleapis.com",
            "timeouts": null
          },
          "sensitive_attributes": [],
          "identity_schema_version": 0,
          "private": "eyJlMmJmYjczMC1lY2FhLTExZTYtOGY4OC0zNDM2M2JjN2M0YzAiOnsiY3JlYXRlIjoxMjAwMDAwMDAwMDAwLCJkZWxldGUiOjEyMDAwMDAwMDAwMDAsInJlYWQiOjYwMDAwMDAwMDAwMCwidXBkYXRlIjoxMjAwMDAwMDAwMDAwfX0="
        }
      ]
    },
    {
      "mode": "managed",
      "type": "google_project_service",
      "name": "secretmanager",
      "provider": "provider[\"registry.terraform.io/hashicorp/google\"]",
      "instances": [
        {
          "schema_version": 0,
          "attributes": {
            "disable_dependent_services": null,
            "disable_on_destroy": false,
            "id": "sara-sandbox-interns/secretmanager.googleapis.com",
            "project": "sara-sandbox-interns",
            "service": "secretmanager.googleapis.com",
            "timeouts": null
          },
          "sensitive_attributes": [],
          "identity_schema_version": 0,
          "private": "eyJlMmJmYjczMC1lY2FhLTExZTYtOGY4OC0zNDM2M2JjN2M0YzAiOnsiY3JlYXRlIjoxMjAwMDAwMDAwMDAwLCJkZWxldGUiOjEyMDAwMDAwMDAwMDAsInJlYWQiOjYwMDAwMDAwMDAwMCwidXBkYXRlIjoxMjAwMDAwMDAwMDAwfX0="
        }
      ]
    },
    {
      "mode": "managed",
      "type": "google_project_service",
      "name": "sqladmin",
      "provider": "provider[\"registry.terraform.io/hashicorp/google\"]",
      "instances": [
        {
          "schema_version": 0,
          "attributes": {
            "disable_dependent_services": null,
            "disable_on_destroy": false,
            "id": "sara-sandbox-interns/sqladmin.googleapis.com",
            "project": "sara-sandbox-interns",
            "service": "sqladmin.googleapis.com",
            "timeouts": null
          },
          "sensitive_attributes": [],
          "identity_schema_version": 0,
          "private": "eyJlMmJmYjczMC1lY2FhLTExZTYtOGY4OC0zNDM2M2JjN2M0YzAiOnsiY3JlYXRlIjoxMjAwMDAwMDAwMDAwLCJkZWxldGUiOjEyMDAwMDAwMDAwMDAsInJlYWQiOjYwMDAwMDAwMDAwMCwidXBkYXRlIjoxMjAwMDAwMDAwMDAwfX0="
        }
      ]
    },
    {
      "mode": "managed",
      "type": "google_sql_database",
      "name": "db_instance",
      "provider": "provider[\"registry.terraform.io/hashicorp/google\"]",
      "instances": [
        {
          "schema_version": 0,
          "attributes": {
            "charset": "UTF8",
            "collation": "en_US.UTF8",
            "deletion_policy": "DELETE",
            "id": "projects/sara-sandbox-interns/instances/vladan-database/databases/tourist-agency-db",
            "instance": "vladan-database",
            "name": "tourist-agency-db",
            "project": "sara-sandbox-interns",
            "self_link": "https://sqladmin.googleapis.com/sql/v1beta4/projects/sara-sandbox-interns/instances/vladan-database/databases/tourist-agency-db",
            "timeouts": null
          },
          "sensitive_attributes": [],
          "identity_schema_version": 0,
          "private": "eyJlMmJmYjczMC1lY2FhLTExZTYtOGY4OC0zNDM2M2JjN2M0YzAiOnsiY3JlYXRlIjoxMjAwMDAwMDAwMDAwLCJkZWxldGUiOjEyMDAwMDAwMDAwMDAsInVwZGF0ZSI6MTIwMDAwMDAwMDAwMH0sInNjaGVtYV92ZXJzaW9uIjoiMCJ9",
          "dependencies": [
            "google_project_service.sqladmin",
            "google_sql_database_instance.sql_instance"
          ]
        }
      ]
    },
    {
      "mode": "managed",
      "type": "google_sql_database_instance",
      "name": "sql_instance",
      "provider": "provider[\"registry.terraform.io/hashicorp/google\"]",
      "instances": [
        {
          "schema_version": 0,
          "attributes": {
            "available_maintenance_versions": [],
            "clone": [],
            "connection_name": "sara-sandbox-interns:europe-west3:vladan-database",
            "database_version": "POSTGRES_17",
            "deletion_protection": true,
            "dns_name": "",
            "dns_names": [],
            "encryption_key_name": null,
            "first_ip_address": "34.141.26.93",
            "id": "vladan-database",
            "instance_type": "CLOUD_SQL_INSTANCE",
            "ip_address": [
              {
                "ip_address": "34.141.26.93",
                "time_to_retire": "",
                "type": "PRIMARY"
              },
              {
                "ip_address": "34.107.3.26",
                "time_to_retire": "",
                "type": "OUTGOING"
              }
            ],
            "maintenance_version": "POSTGRES_17_5.R20250302.00_31",
            "master_instance_name": "",
            "name": "vladan-database",
            "private_ip_address": "",
            "project": "sara-sandbox-interns",
            "psc_service_attachment_link": "",
            "public_ip_address": "34.141.26.93",
            "region": "europe-west3",
            "replica_configuration": [],
            "replica_names": [],
            "replication_cluster": [
              {
                "dr_replica": false,
                "failover_dr_replica_name": ""
              }
            ],
            "restore_backup_context": [],
            "root_password": null,
            "self_link": "https://sqladmin.googleapis.com/sql/v1beta4/projects/sara-sandbox-interns/instances/vladan-database",
            "server_ca_cert": [
              {
                "cert": "-----BEGIN CERTIFICATE-----\nMIIDfzCCAmegAwIBAgIBADANBgkqhkiG9w0BAQsFADB3MS0wKwYDVQQuEyQ1ZTM0\nODU0Ni0zMDE5LTQzMmUtYTA4Yi00NzZhZmViNTYwOWQxIzAhBgNVBAMTGkdvb2ds\nZSBDbG91ZCBTUUwgU2VydmVyIENBMRQwEgYDVQQKEwtHb29nbGUsIEluYzELMAkG\nA1UEBhMCVVMwHhcNMjUwNzIzMTUyNjE4WhcNMzUwNzIxMTUyNzE4WjB3MS0wKwYD\nVQQuEyQ1ZTM0ODU0Ni0zMDE5LTQzMmUtYTA4Yi00NzZhZmViNTYwOWQxIzAhBgNV\nBAMTGkdvb2dsZSBDbG91ZCBTUUwgU2VydmVyIENBMRQwEgYDVQQKEwtHb29nbGUs\nIEluYzELMAkGA1UEBhMCVVMwggEiMA0GCSqGSIb3DQEBAQUAA4IBDwAwggEKAoIB\nAQDCENjX7OaJi3Uu2SEYHtMYRFki+te92ArZv7xiIXbI6SRB5RyjXPavmQNAeMDn\nKdPTijuRGZWJexW3GgbLusBGKo69W8NANk1aqg4mI7bJLGzbKatmvofDDvaOWKvz\nzzGY7wLajR210nWglo9EsHA+d9xDa3+reHKj8doV6P3AiLvm5EtfBHo3DxF7U7et\nAri4S/6Nrc8F9xZ6D1ysbhLHntMIR8W1Tq/qmDlSfuKCWn93bGfbz0+tTmjx04qH\ncSxlZ3Gha9xxRLeWSLZlUm7FH7G+1A1BeOxQEeA6IKeNIsACr4grUpb0gXE70+xP\nXgQEi+S2Tex1BQDwktoDtsinAgMBAAGjFjAUMBIGA1UdEwEB/wQIMAYBAf8CAQAw\nDQYJKoZIhvcNAQELBQADggEBAHtzt8pxlce8+kQX09K9oPlmcUF04u+c79ll4nKq\nEkZI0+MdrN5aoKRaBvjTHZarEWz2sqESG1u+bpCCa7+fudIK6h4QZUNC0L7bAqi7\nfDc3/kLuQkBbjA3CkKs5birmtsAbW6bJdQrZJnrcRl57b0Zz5BKCH4+hy2+H4if8\nBO8I4NvNG9csEd6cTSrdApQe1luiLLXdv2qjEPjcDUElqrbWghArfbuJ9UTT+2sY\n4GGjXvzcOs1BtfTT2bbhz51rlItIpH+0VJ5IoEX6fRkCBYrs/klwMLmHtS2JImCR\nkpb1BDRNe+BcPR1xgz8hwRys4OAuYOvUX8nzS8OTPv32m4M=\n-----END CERTIFICATE-----",
                "common_name": "C=US,O=Google\\, Inc,CN=Google Cloud SQL Server CA,dnQualifier=5e348546-3019-432e-a08b-476afeb5609d",
                "create_time": "2025-07-23T15:26:18.598Z",
                "expiration_time": "2035-07-21T15:27:18.598Z",
                "sha1_fingerprint": "346600fd588b529bcb6408b0da46c85fedf5ed67"
              }
            ],
            "service_account_email_address": "p53494160780-qfnwvd@gcp-sa-cloud-sql.iam.gserviceaccount.com",
            "settings": [
              {
                "activation_policy": "ALWAYS",
                "active_directory_config": [],
                "advanced_machine_features": [],
                "availability_type": "ZONAL",
                "backup_configuration": [
                  {
                    "backup_retention_settings": [
                      {
                        "retained_backups": 7,
                        "retention_unit": "COUNT"
                      }
                    ],
                    "binary_log_enabled": false,
                    "enabled": true,
                    "location": "eu",
                    "point_in_time_recovery_enabled": true,
                    "start_time": "20:00",
                    "transaction_log_retention_days": 7
                  }
                ],
                "collation": "",
                "connection_pool_config": [],
                "connector_enforcement": "NOT_REQUIRED",
                "data_cache_config": [
                  {
                    "data_cache_enabled": false
                  }
                ],
                "database_flags": [],
                "deletion_protection_enabled": true,
                "deny_maintenance_period": [],
                "disk_autoresize": true,
                "disk_autoresize_limit": 0,
                "disk_size": 10,
                "disk_type": "PD_SSD",
                "edition": "ENTERPRISE",
                "enable_dataplex_integration": false,
                "enable_google_ml_integration": false,
                "insights_config": [
                  {
                    "query_insights_enabled": false,
                    "query_plans_per_minute": 0,
                    "query_string_length": 0,
                    "record_application_tags": false,
                    "record_client_address": false
                  }
                ],
                "ip_configuration": [
                  {
                    "allocated_ip_range": "",
                    "authorized_networks": [
                      {
                        "expiration_time": "",
                        "name": "Vladan's Network",
                        "value": "89.216.45.218/32"
                      }
                    ],
                    "custom_subject_alternative_names": [],
                    "enable_private_path_for_google_cloud_services": false,
                    "ipv4_enabled": true,
                    "private_network": "",
                    "psc_config": [],
                    "server_ca_mode": "GOOGLE_MANAGED_INTERNAL_CA",
                    "server_ca_pool": "",
                    "ssl_mode": "ALLOW_UNENCRYPTED_AND_ENCRYPTED"
                  }
                ],
                "location_preference": [
                  {
                    "follow_gae_application": "",
                    "secondary_zone": "",
                    "zone": "europe-west3-a"
                  }
                ],
                "maintenance_window": [
                  {
                    "day": 0,
                    "hour": 0,
                    "update_track": "stable"
                  }
                ],
                "password_validation_policy": [],
                "pricing_plan": "PER_USE",
                "retain_backups_on_delete": true,
                "sql_server_audit_config": [],
                "tier": "db-custom-1-3840",
                "time_zone": "",
                "user_labels": {},
                "version": 21
              }
            ],
            "timeouts": null
          },
          "sensitive_attributes": [
            [
              {
                "type": "get_attr",
                "value": "root_password"
              }
            ],
            [
              {
                "type": "get_attr",
                "value": "server_ca_cert"
              }
            ]
          ],
          "identity_schema_version": 0,
          "private": "eyJlMmJmYjczMC1lY2FhLTExZTYtOGY4OC0zNDM2M2JjN2M0YzAiOnsiY3JlYXRlIjo1NDAwMDAwMDAwMDAwLCJkZWxldGUiOjU0MDAwMDAwMDAwMDAsInVwZGF0ZSI6NTQwMDAwMDAwMDAwMH0sInNjaGVtYV92ZXJzaW9uIjoiMCJ9",
          "dependencies": [
            "google_project_service.sqladmin"
          ]
        }
      ]
    },
    {
      "mode": "managed",
      "type": "google_sql_user",
      "name": "db_user",
      "provider": "provider[\"registry.terraform.io/hashicorp/google\"]",
      "instances": [
        {
          "schema_version": 1,
          "attributes": {
            "deletion_policy": null,
            "host": "",
            "id": "postgres//vladan-database",
            "instance": "vladan-database",
            "name": "postgres",
            "password": "TestPass100!",
            "password_policy": [],
            "password_wo": null,
            "password_wo_version": null,
            "project": "sara-sandbox-interns",
            "sql_server_user_details": [],
            "timeouts": null,
            "type": ""
          },
          "sensitive_attributes": [
            [
              {
                "type": "get_attr",
                "value": "password"
              }
            ]
          ],
          "identity_schema_version": 0,
          "private": "eyJlMmJmYjczMC1lY2FhLTExZTYtOGY4OC0zNDM2M2JjN2M0YzAiOnsiY3JlYXRlIjo2MDAwMDAwMDAwMDAsImRlbGV0ZSI6NjAwMDAwMDAwMDAwLCJ1cGRhdGUiOjYwMDAwMDAwMDAwMH0sInNjaGVtYV92ZXJzaW9uIjoiMSJ9",
          "dependencies": [
            "data.google_secret_manager_secret_version.db_password_secret_version",
            "google_project_service.sqladmin",
            "google_sql_database_instance.sql_instance"
          ]
        }
      ]
    }
  ],
  "check_results": null
}
